// !$*UTF8*$!
{
	archiveVersion = 1;
	classes = {
	};
	objectVersion = 48;
	objects = {

/* Begin PBXBuildFile section */
		404AAA781F9B14F50006DD36 /* InfoViewModelQualitiesItem.swift in Sources */ = {isa = PBXBuildFile; fileRef = 404AAA771F9B14F50006DD36 /* InfoViewModelQualitiesItem.swift */; };
		404AAA7A1F9B15F10006DD36 /* InfoViewModelLocalesItem.swift in Sources */ = {isa = PBXBuildFile; fileRef = 404AAA791F9B15F10006DD36 /* InfoViewModelLocalesItem.swift */; };
		404AAA7C1F9B16000006DD36 /* InfoViewModelRacesItem.swift in Sources */ = {isa = PBXBuildFile; fileRef = 404AAA7B1F9B16000006DD36 /* InfoViewModelRacesItem.swift */; };
		404AAA7E1F9B16130006DD36 /* InfoViewModelFactionsItem.swift in Sources */ = {isa = PBXBuildFile; fileRef = 404AAA7D1F9B16130006DD36 /* InfoViewModelFactionsItem.swift */; };
		404AAA801F9B161B0006DD36 /* InfoViewModelTypesItem.swift in Sources */ = {isa = PBXBuildFile; fileRef = 404AAA7F1F9B161B0006DD36 /* InfoViewModelTypesItem.swift */; };
		404AAA821F9B16240006DD36 /* InfoViewModelSetsItem.swift in Sources */ = {isa = PBXBuildFile; fileRef = 404AAA811F9B16240006DD36 /* InfoViewModelSetsItem.swift */; };
		404AAA841F9B162B0006DD36 /* InfoViewModelClassesItem.swift in Sources */ = {isa = PBXBuildFile; fileRef = 404AAA831F9B162B0006DD36 /* InfoViewModelClassesItem.swift */; };
		404AAA861F9B16330006DD36 /* InfoViewModelPatchItem.swift in Sources */ = {isa = PBXBuildFile; fileRef = 404AAA851F9B16330006DD36 /* InfoViewModelPatchItem.swift */; };
		404AAA8A1F9B172B0006DD36 /* QualityCollectionViewCell.swift in Sources */ = {isa = PBXBuildFile; fileRef = 404AAA881F9B172B0006DD36 /* QualityCollectionViewCell.swift */; };
		404AAA8B1F9B172B0006DD36 /* QualityCollectionViewCell.xib in Resources */ = {isa = PBXBuildFile; fileRef = 404AAA891F9B172B0006DD36 /* QualityCollectionViewCell.xib */; };
		405A3FE11F8185E000F6D2B1 /* AppDelegate.swift in Sources */ = {isa = PBXBuildFile; fileRef = 405A3FE01F8185E000F6D2B1 /* AppDelegate.swift */; };
		405A3FE31F8185E000F6D2B1 /* ViewController.swift in Sources */ = {isa = PBXBuildFile; fileRef = 405A3FE21F8185E000F6D2B1 /* ViewController.swift */; };
		405A3FE61F8185E000F6D2B1 /* Main.storyboard in Resources */ = {isa = PBXBuildFile; fileRef = 405A3FE41F8185E000F6D2B1 /* Main.storyboard */; };
		405A3FE81F8185E000F6D2B1 /* Assets.xcassets in Resources */ = {isa = PBXBuildFile; fileRef = 405A3FE71F8185E000F6D2B1 /* Assets.xcassets */; };
		405A3FEB1F8185E000F6D2B1 /* LaunchScreen.storyboard in Resources */ = {isa = PBXBuildFile; fileRef = 405A3FE91F8185E000F6D2B1 /* LaunchScreen.storyboard */; };
		405A3FF31F819C5600F6D2B1 /* Session.swift in Sources */ = {isa = PBXBuildFile; fileRef = 405A3FF21F819C5600F6D2B1 /* Session.swift */; };
		405A3FF51F8969B000F6D2B1 /* MashapeApi.swift in Sources */ = {isa = PBXBuildFile; fileRef = 405A3FF41F8969B000F6D2B1 /* MashapeApi.swift */; };
		405A3FF71F8969C700F6D2B1 /* Result.swift in Sources */ = {isa = PBXBuildFile; fileRef = 405A3FF61F8969C700F6D2B1 /* Result.swift */; };
		405A3FFA1F8A936200F6D2B1 /* InfoTableViewController.swift in Sources */ = {isa = PBXBuildFile; fileRef = 405A3FF91F8A936200F6D2B1 /* InfoTableViewController.swift */; };
		405A3FFC1F8AE6E800F6D2B1 /* FetchInfoWorker.swift in Sources */ = {isa = PBXBuildFile; fileRef = 405A3FFB1F8AE6E800F6D2B1 /* FetchInfoWorker.swift */; };
		405A3FFE1F8B1A3F00F6D2B1 /* CardsTableViewController.swift in Sources */ = {isa = PBXBuildFile; fileRef = 405A3FFD1F8B1A3F00F6D2B1 /* CardsTableViewController.swift */; };
		405A40001F8B3C3F00F6D2B1 /* ImageCell.xib in Resources */ = {isa = PBXBuildFile; fileRef = 405A3FFF1F8B3C3F00F6D2B1 /* ImageCell.xib */; };
		409BAEFF1F9854BF00704AF9 /* PatchTableViewCell.swift in Sources */ = {isa = PBXBuildFile; fileRef = 409BAEFD1F9854BF00704AF9 /* PatchTableViewCell.swift */; };
		409BAF031F9874D600704AF9 /* ClassesTableViewCell.swift in Sources */ = {isa = PBXBuildFile; fileRef = 409BAF011F9874D600704AF9 /* ClassesTableViewCell.swift */; };
		409BAF041F9874D600704AF9 /* ClassesTableViewCell.xib in Resources */ = {isa = PBXBuildFile; fileRef = 409BAF021F9874D600704AF9 /* ClassesTableViewCell.xib */; };
		409BAF061F9875AA00704AF9 /* PatchTableViewCell.xib in Resources */ = {isa = PBXBuildFile; fileRef = 409BAF051F9875AA00704AF9 /* PatchTableViewCell.xib */; };
		409BAF091F9875FF00704AF9 /* SetsTableViewCell.swift in Sources */ = {isa = PBXBuildFile; fileRef = 409BAF071F9875FF00704AF9 /* SetsTableViewCell.swift */; };
		409BAF0A1F9875FF00704AF9 /* SetsTableViewCell.xib in Resources */ = {isa = PBXBuildFile; fileRef = 409BAF081F9875FF00704AF9 /* SetsTableViewCell.xib */; };
		409BAF0D1F98760600704AF9 /* TypesTableViewCell.swift in Sources */ = {isa = PBXBuildFile; fileRef = 409BAF0B1F98760600704AF9 /* TypesTableViewCell.swift */; };
		409BAF0E1F98760600704AF9 /* TypesTableViewCell.xib in Resources */ = {isa = PBXBuildFile; fileRef = 409BAF0C1F98760600704AF9 /* TypesTableViewCell.xib */; };
		409BAF111F98761300704AF9 /* FactionsTableViewCell.swift in Sources */ = {isa = PBXBuildFile; fileRef = 409BAF0F1F98761300704AF9 /* FactionsTableViewCell.swift */; };
		409BAF121F98761300704AF9 /* FactionsTableViewCell.xib in Resources */ = {isa = PBXBuildFile; fileRef = 409BAF101F98761300704AF9 /* FactionsTableViewCell.xib */; };
		409BAF151F98761C00704AF9 /* QualitiesTableViewCell.swift in Sources */ = {isa = PBXBuildFile; fileRef = 409BAF131F98761C00704AF9 /* QualitiesTableViewCell.swift */; };
		409BAF161F98761C00704AF9 /* QualitiesTableViewCell.xib in Resources */ = {isa = PBXBuildFile; fileRef = 409BAF141F98761C00704AF9 /* QualitiesTableViewCell.xib */; };
		409BAF191F98762800704AF9 /* RacesTableViewCell.swift in Sources */ = {isa = PBXBuildFile; fileRef = 409BAF171F98762800704AF9 /* RacesTableViewCell.swift */; };
		409BAF1A1F98762800704AF9 /* RacesTableViewCell.xib in Resources */ = {isa = PBXBuildFile; fileRef = 409BAF181F98762800704AF9 /* RacesTableViewCell.xib */; };
		409BAF1D1F98763000704AF9 /* LocalesTableViewCell.swift in Sources */ = {isa = PBXBuildFile; fileRef = 409BAF1B1F98763000704AF9 /* LocalesTableViewCell.swift */; };
		409BAF1E1F98763000704AF9 /* LocalesTableViewCell.xib in Resources */ = {isa = PBXBuildFile; fileRef = 409BAF1C1F98763000704AF9 /* LocalesTableViewCell.xib */; };
		40CD99221F9067A800573957 /* Info.swift in Sources */ = {isa = PBXBuildFile; fileRef = 40CD99211F9067A800573957 /* Info.swift */; };
		40CD99241F9067B800573957 /* Card.swift in Sources */ = {isa = PBXBuildFile; fileRef = 40CD99231F9067B800573957 /* Card.swift */; };
		40CD99271F906B1D00573957 /* Mapper.swift in Sources */ = {isa = PBXBuildFile; fileRef = 40CD99261F906B1D00573957 /* Mapper.swift */; };
		40CD992A1F90765500573957 /* InfoViewModel.swift in Sources */ = {isa = PBXBuildFile; fileRef = 40CD99291F90765500573957 /* InfoViewModel.swift */; };
		40F4A6EF1F9B181F006AB84B /* R.generated.swift in Sources */ = {isa = PBXBuildFile; fileRef = 40F4A6EE1F9B181F006AB84B /* R.generated.swift */; };
		40F4A6F31F9D53D6006AB84B /* InfoTableViewCell.swift in Sources */ = {isa = PBXBuildFile; fileRef = 40F4A6F11F9D53D6006AB84B /* InfoTableViewCell.swift */; };
		40F4A6F41F9D53D6006AB84B /* InfoTableViewCell.xib in Resources */ = {isa = PBXBuildFile; fileRef = 40F4A6F21F9D53D6006AB84B /* InfoTableViewCell.xib */; };
		D60115EA51A6098C374128F8 /* Pods_mashape_heartstone.framework in Frameworks */ = {isa = PBXBuildFile; fileRef = 5AE9F6A0A963D8AB7C5A304E /* Pods_mashape_heartstone.framework */; };
/* End PBXBuildFile section */

/* Begin PBXFileReference section */
		404AAA771F9B14F50006DD36 /* InfoViewModelQualitiesItem.swift */ = {isa = PBXFileReference; lastKnownFileType = sourcecode.swift; path = InfoViewModelQualitiesItem.swift; sourceTree = "<group>"; };
		404AAA791F9B15F10006DD36 /* InfoViewModelLocalesItem.swift */ = {isa = PBXFileReference; lastKnownFileType = sourcecode.swift; path = InfoViewModelLocalesItem.swift; sourceTree = "<group>"; };
		404AAA7B1F9B16000006DD36 /* InfoViewModelRacesItem.swift */ = {isa = PBXFileReference; lastKnownFileType = sourcecode.swift; path = InfoViewModelRacesItem.swift; sourceTree = "<group>"; };
		404AAA7D1F9B16130006DD36 /* InfoViewModelFactionsItem.swift */ = {isa = PBXFileReference; lastKnownFileType = sourcecode.swift; path = InfoViewModelFactionsItem.swift; sourceTree = "<group>"; };
		404AAA7F1F9B161B0006DD36 /* InfoViewModelTypesItem.swift */ = {isa = PBXFileReference; lastKnownFileType = sourcecode.swift; path = InfoViewModelTypesItem.swift; sourceTree = "<group>"; };
		404AAA811F9B16240006DD36 /* InfoViewModelSetsItem.swift */ = {isa = PBXFileReference; lastKnownFileType = sourcecode.swift; path = InfoViewModelSetsItem.swift; sourceTree = "<group>"; };
		404AAA831F9B162B0006DD36 /* InfoViewModelClassesItem.swift */ = {isa = PBXFileReference; lastKnownFileType = sourcecode.swift; path = InfoViewModelClassesItem.swift; sourceTree = "<group>"; };
		404AAA851F9B16330006DD36 /* InfoViewModelPatchItem.swift */ = {isa = PBXFileReference; lastKnownFileType = sourcecode.swift; path = InfoViewModelPatchItem.swift; sourceTree = "<group>"; };
		404AAA881F9B172B0006DD36 /* QualityCollectionViewCell.swift */ = {isa = PBXFileReference; lastKnownFileType = sourcecode.swift; path = QualityCollectionViewCell.swift; sourceTree = "<group>"; };
		404AAA891F9B172B0006DD36 /* QualityCollectionViewCell.xib */ = {isa = PBXFileReference; lastKnownFileType = file.xib; path = QualityCollectionViewCell.xib; sourceTree = "<group>"; };
		405A3FDD1F8185E000F6D2B1 /* mashape-heartstone.app */ = {isa = PBXFileReference; explicitFileType = wrapper.application; includeInIndex = 0; path = "mashape-heartstone.app"; sourceTree = BUILT_PRODUCTS_DIR; };
		405A3FE01F8185E000F6D2B1 /* AppDelegate.swift */ = {isa = PBXFileReference; lastKnownFileType = sourcecode.swift; path = AppDelegate.swift; sourceTree = "<group>"; };
		405A3FE21F8185E000F6D2B1 /* ViewController.swift */ = {isa = PBXFileReference; lastKnownFileType = sourcecode.swift; path = ViewController.swift; sourceTree = "<group>"; };
		405A3FE51F8185E000F6D2B1 /* Base */ = {isa = PBXFileReference; lastKnownFileType = file.storyboard; name = Base; path = Base.lproj/Main.storyboard; sourceTree = "<group>"; };
		405A3FE71F8185E000F6D2B1 /* Assets.xcassets */ = {isa = PBXFileReference; lastKnownFileType = folder.assetcatalog; path = Assets.xcassets; sourceTree = "<group>"; };
		405A3FEA1F8185E000F6D2B1 /* Base */ = {isa = PBXFileReference; lastKnownFileType = file.storyboard; name = Base; path = Base.lproj/LaunchScreen.storyboard; sourceTree = "<group>"; };
		405A3FEC1F8185E000F6D2B1 /* Info.plist */ = {isa = PBXFileReference; lastKnownFileType = text.plist.xml; path = Info.plist; sourceTree = "<group>"; };
		405A3FF21F819C5600F6D2B1 /* Session.swift */ = {isa = PBXFileReference; lastKnownFileType = sourcecode.swift; path = Session.swift; sourceTree = "<group>"; };
		405A3FF41F8969B000F6D2B1 /* MashapeApi.swift */ = {isa = PBXFileReference; lastKnownFileType = sourcecode.swift; path = MashapeApi.swift; sourceTree = "<group>"; };
		405A3FF61F8969C700F6D2B1 /* Result.swift */ = {isa = PBXFileReference; lastKnownFileType = sourcecode.swift; path = Result.swift; sourceTree = "<group>"; };
		405A3FF91F8A936200F6D2B1 /* InfoTableViewController.swift */ = {isa = PBXFileReference; lastKnownFileType = sourcecode.swift; path = InfoTableViewController.swift; sourceTree = "<group>"; };
		405A3FFB1F8AE6E800F6D2B1 /* FetchInfoWorker.swift */ = {isa = PBXFileReference; lastKnownFileType = sourcecode.swift; path = FetchInfoWorker.swift; sourceTree = "<group>"; };
		405A3FFD1F8B1A3F00F6D2B1 /* CardsTableViewController.swift */ = {isa = PBXFileReference; lastKnownFileType = sourcecode.swift; path = CardsTableViewController.swift; sourceTree = "<group>"; };
		405A3FFF1F8B3C3F00F6D2B1 /* ImageCell.xib */ = {isa = PBXFileReference; lastKnownFileType = file.xib; path = ImageCell.xib; sourceTree = "<group>"; };
		409BAEFD1F9854BF00704AF9 /* PatchTableViewCell.swift */ = {isa = PBXFileReference; lastKnownFileType = sourcecode.swift; path = PatchTableViewCell.swift; sourceTree = "<group>"; };
		409BAF011F9874D600704AF9 /* ClassesTableViewCell.swift */ = {isa = PBXFileReference; lastKnownFileType = sourcecode.swift; path = ClassesTableViewCell.swift; sourceTree = "<group>"; };
		409BAF021F9874D600704AF9 /* ClassesTableViewCell.xib */ = {isa = PBXFileReference; lastKnownFileType = file.xib; path = ClassesTableViewCell.xib; sourceTree = "<group>"; };
		409BAF051F9875AA00704AF9 /* PatchTableViewCell.xib */ = {isa = PBXFileReference; lastKnownFileType = file.xib; path = PatchTableViewCell.xib; sourceTree = "<group>"; };
		409BAF071F9875FF00704AF9 /* SetsTableViewCell.swift */ = {isa = PBXFileReference; lastKnownFileType = sourcecode.swift; path = SetsTableViewCell.swift; sourceTree = "<group>"; };
		409BAF081F9875FF00704AF9 /* SetsTableViewCell.xib */ = {isa = PBXFileReference; lastKnownFileType = file.xib; path = SetsTableViewCell.xib; sourceTree = "<group>"; };
		409BAF0B1F98760600704AF9 /* TypesTableViewCell.swift */ = {isa = PBXFileReference; lastKnownFileType = sourcecode.swift; path = TypesTableViewCell.swift; sourceTree = "<group>"; };
		409BAF0C1F98760600704AF9 /* TypesTableViewCell.xib */ = {isa = PBXFileReference; lastKnownFileType = file.xib; path = TypesTableViewCell.xib; sourceTree = "<group>"; };
		409BAF0F1F98761300704AF9 /* FactionsTableViewCell.swift */ = {isa = PBXFileReference; lastKnownFileType = sourcecode.swift; path = FactionsTableViewCell.swift; sourceTree = "<group>"; };
		409BAF101F98761300704AF9 /* FactionsTableViewCell.xib */ = {isa = PBXFileReference; lastKnownFileType = file.xib; path = FactionsTableViewCell.xib; sourceTree = "<group>"; };
		409BAF131F98761C00704AF9 /* QualitiesTableViewCell.swift */ = {isa = PBXFileReference; lastKnownFileType = sourcecode.swift; path = QualitiesTableViewCell.swift; sourceTree = "<group>"; };
		409BAF141F98761C00704AF9 /* QualitiesTableViewCell.xib */ = {isa = PBXFileReference; lastKnownFileType = file.xib; path = QualitiesTableViewCell.xib; sourceTree = "<group>"; };
		409BAF171F98762800704AF9 /* RacesTableViewCell.swift */ = {isa = PBXFileReference; lastKnownFileType = sourcecode.swift; path = RacesTableViewCell.swift; sourceTree = "<group>"; };
		409BAF181F98762800704AF9 /* RacesTableViewCell.xib */ = {isa = PBXFileReference; lastKnownFileType = file.xib; path = RacesTableViewCell.xib; sourceTree = "<group>"; };
		409BAF1B1F98763000704AF9 /* LocalesTableViewCell.swift */ = {isa = PBXFileReference; lastKnownFileType = sourcecode.swift; path = LocalesTableViewCell.swift; sourceTree = "<group>"; };
		409BAF1C1F98763000704AF9 /* LocalesTableViewCell.xib */ = {isa = PBXFileReference; lastKnownFileType = file.xib; path = LocalesTableViewCell.xib; sourceTree = "<group>"; };
		40CD99211F9067A800573957 /* Info.swift */ = {isa = PBXFileReference; lastKnownFileType = sourcecode.swift; path = Info.swift; sourceTree = "<group>"; };
		40CD99231F9067B800573957 /* Card.swift */ = {isa = PBXFileReference; lastKnownFileType = sourcecode.swift; path = Card.swift; sourceTree = "<group>"; };
		40CD99261F906B1D00573957 /* Mapper.swift */ = {isa = PBXFileReference; lastKnownFileType = sourcecode.swift; path = Mapper.swift; sourceTree = "<group>"; };
		40CD99291F90765500573957 /* InfoViewModel.swift */ = {isa = PBXFileReference; lastKnownFileType = sourcecode.swift; path = InfoViewModel.swift; sourceTree = "<group>"; };
		40F4A6EE1F9B181F006AB84B /* R.generated.swift */ = {isa = PBXFileReference; fileEncoding = 4; lastKnownFileType = sourcecode.swift; path = R.generated.swift; sourceTree = "<group>"; };
		40F4A6F11F9D53D6006AB84B /* InfoTableViewCell.swift */ = {isa = PBXFileReference; lastKnownFileType = sourcecode.swift; path = InfoTableViewCell.swift; sourceTree = "<group>"; };
		40F4A6F21F9D53D6006AB84B /* InfoTableViewCell.xib */ = {isa = PBXFileReference; lastKnownFileType = file.xib; path = InfoTableViewCell.xib; sourceTree = "<group>"; };
		5AE9F6A0A963D8AB7C5A304E /* Pods_mashape_heartstone.framework */ = {isa = PBXFileReference; explicitFileType = wrapper.framework; includeInIndex = 0; path = Pods_mashape_heartstone.framework; sourceTree = BUILT_PRODUCTS_DIR; };
		C012106091DA3CEF2326E2BC /* Pods-mashape-heartstone.debug.xcconfig */ = {isa = PBXFileReference; includeInIndex = 1; lastKnownFileType = text.xcconfig; name = "Pods-mashape-heartstone.debug.xcconfig"; path = "Pods/Target Support Files/Pods-mashape-heartstone/Pods-mashape-heartstone.debug.xcconfig"; sourceTree = "<group>"; };
		FDFE69EEDBC27E5923DBD44C /* Pods-mashape-heartstone.release.xcconfig */ = {isa = PBXFileReference; includeInIndex = 1; lastKnownFileType = text.xcconfig; name = "Pods-mashape-heartstone.release.xcconfig"; path = "Pods/Target Support Files/Pods-mashape-heartstone/Pods-mashape-heartstone.release.xcconfig"; sourceTree = "<group>"; };
/* End PBXFileReference section */

/* Begin PBXFrameworksBuildPhase section */
		405A3FDA1F8185E000F6D2B1 /* Frameworks */ = {
			isa = PBXFrameworksBuildPhase;
			buildActionMask = 2147483647;
			files = (
				D60115EA51A6098C374128F8 /* Pods_mashape_heartstone.framework in Frameworks */,
			);
			runOnlyForDeploymentPostprocessing = 0;
		};
/* End PBXFrameworksBuildPhase section */

/* Begin PBXGroup section */
		20317B6A1AE225CCEA08028E /* Frameworks */ = {
			isa = PBXGroup;
			children = (
				5AE9F6A0A963D8AB7C5A304E /* Pods_mashape_heartstone.framework */,
			);
			name = Frameworks;
			sourceTree = "<group>";
		};
		2F2C04550FADC7203EF33F7A /* Pods */ = {
			isa = PBXGroup;
			children = (
				C012106091DA3CEF2326E2BC /* Pods-mashape-heartstone.debug.xcconfig */,
				FDFE69EEDBC27E5923DBD44C /* Pods-mashape-heartstone.release.xcconfig */,
			);
			name = Pods;
			sourceTree = "<group>";
		};
		404AAA761F9B14D20006DD36 /* Cells View Model */ = {
			isa = PBXGroup;
			children = (
				404AAA771F9B14F50006DD36 /* InfoViewModelQualitiesItem.swift */,
				404AAA791F9B15F10006DD36 /* InfoViewModelLocalesItem.swift */,
				404AAA7B1F9B16000006DD36 /* InfoViewModelRacesItem.swift */,
				404AAA7D1F9B16130006DD36 /* InfoViewModelFactionsItem.swift */,
				404AAA7F1F9B161B0006DD36 /* InfoViewModelTypesItem.swift */,
				404AAA811F9B16240006DD36 /* InfoViewModelSetsItem.swift */,
				404AAA831F9B162B0006DD36 /* InfoViewModelClassesItem.swift */,
				404AAA851F9B16330006DD36 /* InfoViewModelPatchItem.swift */,
			);
			path = "Cells View Model";
			sourceTree = "<group>";
		};
		404AAA871F9B17030006DD36 /* Collection Cells */ = {
			isa = PBXGroup;
			children = (
				404AAA881F9B172B0006DD36 /* QualityCollectionViewCell.swift */,
				404AAA891F9B172B0006DD36 /* QualityCollectionViewCell.xib */,
			);
			path = "Collection Cells";
			sourceTree = "<group>";
		};
		405A3FD41F8185E000F6D2B1 = {
			isa = PBXGroup;
			children = (
				40F4A6EE1F9B181F006AB84B /* R.generated.swift */,
				405A3FDF1F8185E000F6D2B1 /* mashape-heartstone */,
				405A3FDE1F8185E000F6D2B1 /* Products */,
				2F2C04550FADC7203EF33F7A /* Pods */,
				20317B6A1AE225CCEA08028E /* Frameworks */,
			);
			sourceTree = "<group>";
		};
		405A3FDE1F8185E000F6D2B1 /* Products */ = {
			isa = PBXGroup;
			children = (
				405A3FDD1F8185E000F6D2B1 /* mashape-heartstone.app */,
			);
			name = Products;
			sourceTree = "<group>";
		};
		405A3FDF1F8185E000F6D2B1 /* mashape-heartstone */ = {
			isa = PBXGroup;
			children = (
				405A3FE01F8185E000F6D2B1 /* AppDelegate.swift */,
				40CD99251F906B0F00573957 /* Utilities */,
				40CD99201F90676D00573957 /* Models */,
				40CD99281F9075B100573957 /* ViewModel */,
				40CD992B1F9081E100573957 /* Views */,
				405A3FF21F819C5600F6D2B1 /* Session.swift */,
				405A3FF81F8969DD00F6D2B1 /* MashapeApi */,
				405A3FE21F8185E000F6D2B1 /* ViewController.swift */,
				405A3FE41F8185E000F6D2B1 /* Main.storyboard */,
				405A3FFD1F8B1A3F00F6D2B1 /* CardsTableViewController.swift */,
				405A3FFB1F8AE6E800F6D2B1 /* FetchInfoWorker.swift */,
				405A3FE71F8185E000F6D2B1 /* Assets.xcassets */,
				405A3FE91F8185E000F6D2B1 /* LaunchScreen.storyboard */,
				405A3FEC1F8185E000F6D2B1 /* Info.plist */,
				405A3FFF1F8B3C3F00F6D2B1 /* ImageCell.xib */,
			);
			path = "mashape-heartstone";
			sourceTree = "<group>";
		};
		405A3FF81F8969DD00F6D2B1 /* MashapeApi */ = {
			isa = PBXGroup;
			children = (
				405A3FF41F8969B000F6D2B1 /* MashapeApi.swift */,
				405A3FF61F8969C700F6D2B1 /* Result.swift */,
			);
			path = MashapeApi;
			sourceTree = "<group>";
		};
		409BAEFC1F9854A900704AF9 /* InfoCells */ = {
			isa = PBXGroup;
			children = (
				409BAEFD1F9854BF00704AF9 /* PatchTableViewCell.swift */,
				409BAF051F9875AA00704AF9 /* PatchTableViewCell.xib */,
				409BAF011F9874D600704AF9 /* ClassesTableViewCell.swift */,
				409BAF021F9874D600704AF9 /* ClassesTableViewCell.xib */,
				409BAF071F9875FF00704AF9 /* SetsTableViewCell.swift */,
				409BAF081F9875FF00704AF9 /* SetsTableViewCell.xib */,
				409BAF0B1F98760600704AF9 /* TypesTableViewCell.swift */,
				409BAF0C1F98760600704AF9 /* TypesTableViewCell.xib */,
				409BAF0F1F98761300704AF9 /* FactionsTableViewCell.swift */,
				409BAF101F98761300704AF9 /* FactionsTableViewCell.xib */,
				409BAF131F98761C00704AF9 /* QualitiesTableViewCell.swift */,
				409BAF141F98761C00704AF9 /* QualitiesTableViewCell.xib */,
				409BAF171F98762800704AF9 /* RacesTableViewCell.swift */,
				409BAF181F98762800704AF9 /* RacesTableViewCell.xib */,
				409BAF1B1F98763000704AF9 /* LocalesTableViewCell.swift */,
				409BAF1C1F98763000704AF9 /* LocalesTableViewCell.xib */,
			);
			path = InfoCells;
			sourceTree = "<group>";
		};
		40CD99201F90676D00573957 /* Models */ = {
			isa = PBXGroup;
			children = (
				40CD99211F9067A800573957 /* Info.swift */,
				40CD99231F9067B800573957 /* Card.swift */,
			);
			path = Models;
			sourceTree = "<group>";
		};
		40CD99251F906B0F00573957 /* Utilities */ = {
			isa = PBXGroup;
			children = (
				40CD99261F906B1D00573957 /* Mapper.swift */,
			);
			path = Utilities;
			sourceTree = "<group>";
		};
		40CD99281F9075B100573957 /* ViewModel */ = {
			isa = PBXGroup;
			children = (
				404AAA761F9B14D20006DD36 /* Cells View Model */,
				40CD99291F90765500573957 /* InfoViewModel.swift */,
			);
			path = ViewModel;
			sourceTree = "<group>";
		};
		40CD992B1F9081E100573957 /* Views */ = {
			isa = PBXGroup;
			children = (
				40F4A6F01F9D53A4006AB84B /* Info Cells */,
				405A3FF91F8A936200F6D2B1 /* InfoTableViewController.swift */,
				404AAA871F9B17030006DD36 /* Collection Cells */,
				409BAEFC1F9854A900704AF9 /* InfoCells */,
			);
			path = Views;
			sourceTree = "<group>";
		};
		40F4A6F01F9D53A4006AB84B /* Info Cells */ = {
			isa = PBXGroup;
			children = (
				40F4A6F11F9D53D6006AB84B /* InfoTableViewCell.swift */,
				40F4A6F21F9D53D6006AB84B /* InfoTableViewCell.xib */,
			);
			path = "Info Cells";
			sourceTree = "<group>";
		};
/* End PBXGroup section */

/* Begin PBXNativeTarget section */
		405A3FDC1F8185E000F6D2B1 /* mashape-heartstone */ = {
			isa = PBXNativeTarget;
			buildConfigurationList = 405A3FEF1F8185E000F6D2B1 /* Build configuration list for PBXNativeTarget "mashape-heartstone" */;
			buildPhases = (
				48E829C4974D16E267A962DF /* [CP] Check Pods Manifest.lock */,
				404AAA751F9B12D10006DD36 /* ShellScript */,
				405A3FD91F8185E000F6D2B1 /* Sources */,
				405A3FDA1F8185E000F6D2B1 /* Frameworks */,
				405A3FDB1F8185E000F6D2B1 /* Resources */,
				07834A4A193863BEAADA8330 /* [CP] Embed Pods Frameworks */,
				F5DCE7EDBB6796453E8F151B /* [CP] Copy Pods Resources */,
			);
			buildRules = (
			);
			dependencies = (
			);
			name = "mashape-heartstone";
			productName = "mashape-heartstone";
			productReference = 405A3FDD1F8185E000F6D2B1 /* mashape-heartstone.app */;
			productType = "com.apple.product-type.application";
		};
/* End PBXNativeTarget section */

/* Begin PBXProject section */
		405A3FD51F8185E000F6D2B1 /* Project object */ = {
			isa = PBXProject;
			attributes = {
				LastSwiftUpdateCheck = 0900;
				LastUpgradeCheck = 0900;
				ORGANIZATIONNAME = "Cristian Palomino Rivera";
				TargetAttributes = {
					405A3FDC1F8185E000F6D2B1 = {
						CreatedOnToolsVersion = 9.0;
						ProvisioningStyle = Automatic;
					};
				};
			};
			buildConfigurationList = 405A3FD81F8185E000F6D2B1 /* Build configuration list for PBXProject "mashape-heartstone" */;
			compatibilityVersion = "Xcode 8.0";
			developmentRegion = en;
			hasScannedForEncodings = 0;
			knownRegions = (
				en,
				Base,
			);
			mainGroup = 405A3FD41F8185E000F6D2B1;
			productRefGroup = 405A3FDE1F8185E000F6D2B1 /* Products */;
			projectDirPath = "";
			projectRoot = "";
			targets = (
				405A3FDC1F8185E000F6D2B1 /* mashape-heartstone */,
			);
		};
/* End PBXProject section */

/* Begin PBXResourcesBuildPhase section */
		405A3FDB1F8185E000F6D2B1 /* Resources */ = {
			isa = PBXResourcesBuildPhase;
			buildActionMask = 2147483647;
			files = (
				409BAF0A1F9875FF00704AF9 /* SetsTableViewCell.xib in Resources */,
				409BAF0E1F98760600704AF9 /* TypesTableViewCell.xib in Resources */,
				409BAF161F98761C00704AF9 /* QualitiesTableViewCell.xib in Resources */,
				409BAF1E1F98763000704AF9 /* LocalesTableViewCell.xib in Resources */,
				409BAF1A1F98762800704AF9 /* RacesTableViewCell.xib in Resources */,
				405A3FEB1F8185E000F6D2B1 /* LaunchScreen.storyboard in Resources */,
				409BAF061F9875AA00704AF9 /* PatchTableViewCell.xib in Resources */,
				409BAF041F9874D600704AF9 /* ClassesTableViewCell.xib in Resources */,
				409BAF121F98761300704AF9 /* FactionsTableViewCell.xib in Resources */,
				40F4A6F41F9D53D6006AB84B /* InfoTableViewCell.xib in Resources */,
				404AAA8B1F9B172B0006DD36 /* QualityCollectionViewCell.xib in Resources */,
				405A40001F8B3C3F00F6D2B1 /* ImageCell.xib in Resources */,
				405A3FE81F8185E000F6D2B1 /* Assets.xcassets in Resources */,
				405A3FE61F8185E000F6D2B1 /* Main.storyboard in Resources */,
			);
			runOnlyForDeploymentPostprocessing = 0;
		};
/* End PBXResourcesBuildPhase section */

/* Begin PBXShellScriptBuildPhase section */
		07834A4A193863BEAADA8330 /* [CP] Embed Pods Frameworks */ = {
			isa = PBXShellScriptBuildPhase;
			buildActionMask = 2147483647;
			files = (
			);
			inputPaths = (
				"${SRCROOT}/Pods/Target Support Files/Pods-mashape-heartstone/Pods-mashape-heartstone-frameworks.sh",
				"${BUILT_PRODUCTS_DIR}/Alamofire/Alamofire.framework",
				"${BUILT_PRODUCTS_DIR}/Nuke/Nuke.framework",
				"${BUILT_PRODUCTS_DIR}/R.swift.Library/Rswift.framework",
				"${BUILT_PRODUCTS_DIR}/SwiftyJSON/SwiftyJSON.framework",
			);
			name = "[CP] Embed Pods Frameworks";
			outputPaths = (
				"${TARGET_BUILD_DIR}/${FRAMEWORKS_FOLDER_PATH}/Alamofire.framework",
				"${TARGET_BUILD_DIR}/${FRAMEWORKS_FOLDER_PATH}/Nuke.framework",
				"${TARGET_BUILD_DIR}/${FRAMEWORKS_FOLDER_PATH}/Rswift.framework",
				"${TARGET_BUILD_DIR}/${FRAMEWORKS_FOLDER_PATH}/SwiftyJSON.framework",
			);
			runOnlyForDeploymentPostprocessing = 0;
			shellPath = /bin/sh;
			shellScript = "\"${SRCROOT}/Pods/Target Support Files/Pods-mashape-heartstone/Pods-mashape-heartstone-frameworks.sh\"\n";
			showEnvVarsInLog = 0;
		};
		404AAA751F9B12D10006DD36 /* ShellScript */ = {
			isa = PBXShellScriptBuildPhase;
			buildActionMask = 2147483647;
			files = (
			);
			inputPaths = (
			);
			outputPaths = (
			);
			runOnlyForDeploymentPostprocessing = 0;
			shellPath = /bin/sh;
			shellScript = "\"$PODS_ROOT/R.swift/rswift\" generate \"$SRCROOT\"";
		};
		48E829C4974D16E267A962DF /* [CP] Check Pods Manifest.lock */ = {
			isa = PBXShellScriptBuildPhase;
			buildActionMask = 2147483647;
			files = (
			);
			inputPaths = (
				"${PODS_PODFILE_DIR_PATH}/Podfile.lock",
				"${PODS_ROOT}/Manifest.lock",
			);
			name = "[CP] Check Pods Manifest.lock";
			outputPaths = (
				"$(DERIVED_FILE_DIR)/Pods-mashape-heartstone-checkManifestLockResult.txt",
			);
			runOnlyForDeploymentPostprocessing = 0;
			shellPath = /bin/sh;
			shellScript = "diff \"${PODS_PODFILE_DIR_PATH}/Podfile.lock\" \"${PODS_ROOT}/Manifest.lock\" > /dev/null\nif [ $? != 0 ] ; then\n    # print error to STDERR\n    echo \"error: The sandbox is not in sync with the Podfile.lock. Run 'pod install' or update your CocoaPods installation.\" >&2\n    exit 1\nfi\n# This output is used by Xcode 'outputs' to avoid re-running this script phase.\necho \"SUCCESS\" > \"${SCRIPT_OUTPUT_FILE_0}\"\n";
			showEnvVarsInLog = 0;
		};
		F5DCE7EDBB6796453E8F151B /* [CP] Copy Pods Resources */ = {
			isa = PBXShellScriptBuildPhase;
			buildActionMask = 2147483647;
			files = (
			);
			inputPaths = (
			);
			name = "[CP] Copy Pods Resources";
			outputPaths = (
			);
			runOnlyForDeploymentPostprocessing = 0;
			shellPath = /bin/sh;
			shellScript = "\"${SRCROOT}/Pods/Target Support Files/Pods-mashape-heartstone/Pods-mashape-heartstone-resources.sh\"\n";
			showEnvVarsInLog = 0;
		};
/* End PBXShellScriptBuildPhase section */

/* Begin PBXSourcesBuildPhase section */
		405A3FD91F8185E000F6D2B1 /* Sources */ = {
			isa = PBXSourcesBuildPhase;
			buildActionMask = 2147483647;
			files = (
				409BAF191F98762800704AF9 /* RacesTableViewCell.swift in Sources */,
				405A3FF51F8969B000F6D2B1 /* MashapeApi.swift in Sources */,
				404AAA821F9B16240006DD36 /* InfoViewModelSetsItem.swift in Sources */,
				40F4A6F31F9D53D6006AB84B /* InfoTableViewCell.swift in Sources */,
				405A3FF71F8969C700F6D2B1 /* Result.swift in Sources */,
				40CD992A1F90765500573957 /* InfoViewModel.swift in Sources */,
				409BAF091F9875FF00704AF9 /* SetsTableViewCell.swift in Sources */,
				409BAF0D1F98760600704AF9 /* TypesTableViewCell.swift in Sources */,
				409BAF111F98761300704AF9 /* FactionsTableViewCell.swift in Sources */,
				409BAEFF1F9854BF00704AF9 /* PatchTableViewCell.swift in Sources */,
				404AAA781F9B14F50006DD36 /* InfoViewModelQualitiesItem.swift in Sources */,
				404AAA861F9B16330006DD36 /* InfoViewModelPatchItem.swift in Sources */,
				409BAF031F9874D600704AF9 /* ClassesTableViewCell.swift in Sources */,
				405A3FFC1F8AE6E800F6D2B1 /* FetchInfoWorker.swift in Sources */,
				404AAA8A1F9B172B0006DD36 /* QualityCollectionViewCell.swift in Sources */,
				409BAF1D1F98763000704AF9 /* LocalesTableViewCell.swift in Sources */,
				404AAA841F9B162B0006DD36 /* InfoViewModelClassesItem.swift in Sources */,
				40CD99221F9067A800573957 /* Info.swift in Sources */,
				40F4A6EF1F9B181F006AB84B /* R.generated.swift in Sources */,
				40CD99271F906B1D00573957 /* Mapper.swift in Sources */,
				405A3FE31F8185E000F6D2B1 /* ViewController.swift in Sources */,
				404AAA7A1F9B15F10006DD36 /* InfoViewModelLocalesItem.swift in Sources */,
				404AAA801F9B161B0006DD36 /* InfoViewModelTypesItem.swift in Sources */,
				404AAA7E1F9B16130006DD36 /* InfoViewModelFactionsItem.swift in Sources */,
				405A3FFA1F8A936200F6D2B1 /* InfoTableViewController.swift in Sources */,
				409BAF151F98761C00704AF9 /* QualitiesTableViewCell.swift in Sources */,
				405A3FFE1F8B1A3F00F6D2B1 /* CardsTableViewController.swift in Sources */,
				40CD99241F9067B800573957 /* Card.swift in Sources */,
				405A3FE11F8185E000F6D2B1 /* AppDelegate.swift in Sources */,
				405A3FF31F819C5600F6D2B1 /* Session.swift in Sources */,
				404AAA7C1F9B16000006DD36 /* InfoViewModelRacesItem.swift in Sources */,
			);
			runOnlyForDeploymentPostprocessing = 0;
		};
/* End PBXSourcesBuildPhase section */

/* Begin PBXVariantGroup section */
		405A3FE41F8185E000F6D2B1 /* Main.storyboard */ = {
			isa = PBXVariantGroup;
			children = (
				405A3FE51F8185E000F6D2B1 /* Base */,
			);
			name = Main.storyboard;
			sourceTree = "<group>";
		};
		405A3FE91F8185E000F6D2B1 /* LaunchScreen.storyboard */ = {
			isa = PBXVariantGroup;
			children = (
				405A3FEA1F8185E000F6D2B1 /* Base */,
			);
			name = LaunchScreen.storyboard;
			sourceTree = "<group>";
		};
/* End PBXVariantGroup section */

/* Begin XCBuildConfiguration section */
		405A3FED1F8185E000F6D2B1 /* Debug */ = {
			isa = XCBuildConfiguration;
			buildSettings = {
				ALWAYS_SEARCH_USER_PATHS = NO;
				CLANG_ANALYZER_NONNULL = YES;
				CLANG_ANALYZER_NUMBER_OBJECT_CONVERSION = YES_AGGRESSIVE;
				CLANG_CXX_LANGUAGE_STANDARD = "gnu++14";
				CLANG_CXX_LIBRARY = "libc++";
				CLANG_ENABLE_MODULES = YES;
				CLANG_ENABLE_OBJC_ARC = YES;
				CLANG_WARN_BLOCK_CAPTURE_AUTORELEASING = YES;
				CLANG_WARN_BOOL_CONVERSION = YES;
				CLANG_WARN_COMMA = YES;
				CLANG_WARN_CONSTANT_CONVERSION = YES;
				CLANG_WARN_DIRECT_OBJC_ISA_USAGE = YES_ERROR;
				CLANG_WARN_DOCUMENTATION_COMMENTS = YES;
				CLANG_WARN_EMPTY_BODY = YES;
				CLANG_WARN_ENUM_CONVERSION = YES;
				CLANG_WARN_INFINITE_RECURSION = YES;
				CLANG_WARN_INT_CONVERSION = YES;
				CLANG_WARN_NON_LITERAL_NULL_CONVERSION = YES;
				CLANG_WARN_OBJC_LITERAL_CONVERSION = YES;
				CLANG_WARN_OBJC_ROOT_CLASS = YES_ERROR;
				CLANG_WARN_RANGE_LOOP_ANALYSIS = YES;
				CLANG_WARN_STRICT_PROTOTYPES = YES;
				CLANG_WARN_SUSPICIOUS_MOVE = YES;
				CLANG_WARN_UNGUARDED_AVAILABILITY = YES_AGGRESSIVE;
				CLANG_WARN_UNREACHABLE_CODE = YES;
				CLANG_WARN__DUPLICATE_METHOD_MATCH = YES;
				CODE_SIGN_IDENTITY = "iPhone Developer";
				COPY_PHASE_STRIP = NO;
				DEBUG_INFORMATION_FORMAT = dwarf;
				ENABLE_STRICT_OBJC_MSGSEND = YES;
				ENABLE_TESTABILITY = YES;
				GCC_C_LANGUAGE_STANDARD = gnu11;
				GCC_DYNAMIC_NO_PIC = NO;
				GCC_NO_COMMON_BLOCKS = YES;
				GCC_OPTIMIZATION_LEVEL = 0;
				GCC_PREPROCESSOR_DEFINITIONS = (
					"DEBUG=1",
					"$(inherited)",
				);
				GCC_WARN_64_TO_32_BIT_CONVERSION = YES;
				GCC_WARN_ABOUT_RETURN_TYPE = YES_ERROR;
				GCC_WARN_UNDECLARED_SELECTOR = YES;
				GCC_WARN_UNINITIALIZED_AUTOS = YES_AGGRESSIVE;
				GCC_WARN_UNUSED_FUNCTION = YES;
				GCC_WARN_UNUSED_VARIABLE = YES;
				IPHONEOS_DEPLOYMENT_TARGET = 11.0;
				MTL_ENABLE_DEBUG_INFO = YES;
				ONLY_ACTIVE_ARCH = YES;
				SDKROOT = iphoneos;
				SWIFT_ACTIVE_COMPILATION_CONDITIONS = DEBUG;
				SWIFT_OPTIMIZATION_LEVEL = "-Onone";
			};
			name = Debug;
		};
		405A3FEE1F8185E000F6D2B1 /* Release */ = {
			isa = XCBuildConfiguration;
			buildSettings = {
				ALWAYS_SEARCH_USER_PATHS = NO;
				CLANG_ANALYZER_NONNULL = YES;
				CLANG_ANALYZER_NUMBER_OBJECT_CONVERSION = YES_AGGRESSIVE;
				CLANG_CXX_LANGUAGE_STANDARD = "gnu++14";
				CLANG_CXX_LIBRARY = "libc++";
				CLANG_ENABLE_MODULES = YES;
				CLANG_ENABLE_OBJC_ARC = YES;
				CLANG_WARN_BLOCK_CAPTURE_AUTORELEASING = YES;
				CLANG_WARN_BOOL_CONVERSION = YES;
				CLANG_WARN_COMMA = YES;
				CLANG_WARN_CONSTANT_CONVERSION = YES;
				CLANG_WARN_DIRECT_OBJC_ISA_USAGE = YES_ERROR;
				CLANG_WARN_DOCUMENTATION_COMMENTS = YES;
				CLANG_WARN_EMPTY_BODY = YES;
				CLANG_WARN_ENUM_CONVERSION = YES;
				CLANG_WARN_INFINITE_RECURSION = YES;
				CLANG_WARN_INT_CONVERSION = YES;
				CLANG_WARN_NON_LITERAL_NULL_CONVERSION = YES;
				CLANG_WARN_OBJC_LITERAL_CONVERSION = YES;
				CLANG_WARN_OBJC_ROOT_CLASS = YES_ERROR;
				CLANG_WARN_RANGE_LOOP_ANALYSIS = YES;
				CLANG_WARN_STRICT_PROTOTYPES = YES;
				CLANG_WARN_SUSPICIOUS_MOVE = YES;
				CLANG_WARN_UNGUARDED_AVAILABILITY = YES_AGGRESSIVE;
				CLANG_WARN_UNREACHABLE_CODE = YES;
				CLANG_WARN__DUPLICATE_METHOD_MATCH = YES;
				CODE_SIGN_IDENTITY = "iPhone Developer";
				COPY_PHASE_STRIP = NO;
				DEBUG_INFORMATION_FORMAT = "dwarf-with-dsym";
				ENABLE_NS_ASSERTIONS = NO;
				ENABLE_STRICT_OBJC_MSGSEND = YES;
				GCC_C_LANGUAGE_STANDARD = gnu11;
				GCC_NO_COMMON_BLOCKS = YES;
				GCC_WARN_64_TO_32_BIT_CONVERSION = YES;
				GCC_WARN_ABOUT_RETURN_TYPE = YES_ERROR;
				GCC_WARN_UNDECLARED_SELECTOR = YES;
				GCC_WARN_UNINITIALIZED_AUTOS = YES_AGGRESSIVE;
				GCC_WARN_UNUSED_FUNCTION = YES;
				GCC_WARN_UNUSED_VARIABLE = YES;
				IPHONEOS_DEPLOYMENT_TARGET = 11.0;
				MTL_ENABLE_DEBUG_INFO = NO;
				SDKROOT = iphoneos;
				SWIFT_OPTIMIZATION_LEVEL = "-Owholemodule";
				VALIDATE_PRODUCT = YES;
			};
			name = Release;
		};
		405A3FF01F8185E000F6D2B1 /* Debug */ = {
			isa = XCBuildConfiguration;
			baseConfigurationReference = C012106091DA3CEF2326E2BC /* Pods-mashape-heartstone.debug.xcconfig */;
			buildSettings = {
				ASSETCATALOG_COMPILER_APPICON_NAME = AppIcon;
				CODE_SIGN_STYLE = Automatic;
				DEVELOPMENT_TEAM = 79SAEB56W5;
				INFOPLIST_FILE = "mashape-heartstone/Info.plist";
				IPHONEOS_DEPLOYMENT_TARGET = 11.0;
				LD_RUNPATH_SEARCH_PATHS = "$(inherited) @executable_path/Frameworks";
				PRODUCT_BUNDLE_IDENTIFIER = "com.capr.mashape-heartstone";
				PRODUCT_NAME = "$(TARGET_NAME)";
				SWIFT_VERSION = 4.0;
				TARGETED_DEVICE_FAMILY = "1,2";
			};
			name = Debug;
		};
		405A3FF11F8185E000F6D2B1 /* Release */ = {
			isa = XCBuildConfiguration;
			baseConfigurationReference = FDFE69EEDBC27E5923DBD44C /* Pods-mashape-heartstone.release.xcconfig */;
			buildSettings = {
				ASSETCATALOG_COMPILER_APPICON_NAME = AppIcon;
				CODE_SIGN_STYLE = Automatic;
				DEVELOPMENT_TEAM = 79SAEB56W5;
				INFOPLIST_FILE = "mashape-heartstone/Info.plist";
				IPHONEOS_DEPLOYMENT_TARGET = 11.0;
				LD_RUNPATH_SEARCH_PATHS = "$(inherited) @executable_path/Frameworks";
				PRODUCT_BUNDLE_IDENTIFIER = "com.capr.mashape-heartstone";
				PRODUCT_NAME = "$(TARGET_NAME)";
				SWIFT_VERSION = 4.0;
				TARGETED_DEVICE_FAMILY = "1,2";
			};
			name = Release;
		};
/* End XCBuildConfiguration section */

/* Begin XCConfigurationList section */
		405A3FD81F8185E000F6D2B1 /* Build configuration list for PBXProject "mashape-heartstone" */ = {
			isa = XCConfigurationList;
			buildConfigurations = (
				405A3FED1F8185E000F6D2B1 /* Debug */,
				405A3FEE1F8185E000F6D2B1 /* Release */,
			);
			defaultConfigurationIsVisible = 0;
			defaultConfigurationName = Release;
		};
		405A3FEF1F8185E000F6D2B1 /* Build configuration list for PBXNativeTarget "mashape-heartstone" */ = {
			isa = XCConfigurationList;
			buildConfigurations = (
				405A3FF01F8185E000F6D2B1 /* Debug */,
				405A3FF11F8185E000F6D2B1 /* Release */,
			);
			defaultConfigurationIsVisible = 0;
			defaultConfigurationName = Release;
		};
/* End XCConfigurationList section */
	};
	rootObject = 405A3FD51F8185E000F6D2B1 /* Project object */;
}
